
Microsoft Visual Studio Solution File, Format Version 12.00
# Visual Studio 2013
VisualStudioVersion = 12.0.31101.0
MinimumVisualStudioVersion = 10.0.40219.1
Project("{FAE04EC0-301F-11D3-BF4B-00C04F79EFBC}") = "Uva.Gould", "Uva.Gould\Uva.Gould.csproj", "{5EBB79F8-D2FE-4676-AF98-DE09FC4B23A2}"
EndProject
Project("{FAE04EC0-301F-11D3-BF4B-00C04F79EFBC}") = "Uva.Gould.Tests", "Uva.Gould.Tests\Uva.Gould.Tests.csproj", "{B1AA14B2-770F-4FEE-984C-37DA4887273C}"
EndProject
Project("{FAE04EC0-301F-11D3-BF4B-00C04F79EFBC}") = "Uva.Gould.PerfTests", "Uva.Gould.PerfTests\Uva.Gould.PerfTests.csproj", "{D5A0C2F6-D1AE-4939-8471-AFE5140239A3}"
EndProject
Global
	GlobalSection(SolutionConfigurationPlatforms) = preSolution
		Debug|Any CPU = Debug|Any CPU
		Release|Any CPU = Release|Any CPU
	EndGlobalSection
	GlobalSection(ProjectConfigurationPlatforms) = postSolution
		{5EBB79F8-D2FE-4676-AF98-DE09FC4B23A2}.Debug|Any CPU.ActiveCfg = Debug|Any CPU
		{5EBB79F8-D2FE-4676-AF98-DE09FC4B23A2}.Debug|Any CPU.Build.0 = Debug|Any CPU
		{5EBB79F8-D2FE-4676-AF98-DE09FC4B23A2}.Release|Any CPU.ActiveCfg = Release|Any CPU
		{5EBB79F8-D2FE-4676-AF98-DE09FC4B23A2}.Release|Any CPU.Build.0 = Release|Any CPU
		{B1AA14B2-770F-4FEE-984C-37DA4887273C}.Debug|Any CPU.ActiveCfg = Debug|Any CPU
		{B1AA14B2-770F-4FEE-984C-37DA4887273C}.Debug|Any CPU.Build.0 = Debug|Any CPU
		{B1AA14B2-770F-4FEE-984C-37DA4887273C}.Release|Any CPU.ActiveCfg = Release|Any CPU
		{B1AA14B2-770F-4FEE-984C-37DA4887273C}.Release|Any CPU.Build.0 = Release|Any CPU
		{D5A0C2F6-D1AE-4939-8471-AFE5140239A3}.Debug|Any CPU.ActiveCfg = Debug|Any CPU
		{D5A0C2F6-D1AE-4939-8471-AFE5140239A3}.Debug|Any CPU.Build.0 = Debug|Any CPU
		{D5A0C2F6-D1AE-4939-8471-AFE5140239A3}.Release|Any CPU.ActiveCfg = Release|Any CPU
		{D5A0C2F6-D1AE-4939-8471-AFE5140239A3}.Release|Any CPU.Build.0 = Release|Any CPU
	EndGlobalSection
	GlobalSection(SolutionProperties) = preSolution
		HideSolutionNode = FALSE
	EndGlobalSection
EndGlobal
